
Microsoft Visual Studio Solution File, Format Version 12.00
# Visual Studio Version 17
VisualStudioVersion = 17.0.32112.339
MinimumVisualStudioVersion = 10.0.40219.1
Project("{FAE04EC0-301F-11D3-BF4B-00C04F79EFBC}") = "switch casequiz", "switch casequiz\switch casequiz.csproj", "{EFE3D7A7-D7DE-41D6-8DF2-7DAAB9AE2F1C}"
EndProject
Global
	GlobalSection(SolutionConfigurationPlatforms) = preSolution
		Debug|Any CPU = Debug|Any CPU
		Release|Any CPU = Release|Any CPU
	EndGlobalSection
	GlobalSection(ProjectConfigurationPlatforms) = postSolution
		{EFE3D7A7-D7DE-41D6-8DF2-7DAAB9AE2F1C}.Debug|Any CPU.ActiveCfg = Debug|Any CPU
		{EFE3D7A7-D7DE-41D6-8DF2-7DAAB9AE2F1C}.Debug|Any CPU.Build.0 = Debug|Any CPU
		{EFE3D7A7-D7DE-41D6-8DF2-7DAAB9AE2F1C}.Release|Any CPU.ActiveCfg = Release|Any CPU
		{EFE3D7A7-D7DE-41D6-8DF2-7DAAB9AE2F1C}.Release|Any CPU.Build.0 = Release|Any CPU
	EndGlobalSection
	GlobalSection(SolutionProperties) = preSolution
		HideSolutionNode = FALSE
	EndGlobalSection
	GlobalSection(ExtensibilityGlobals) = postSolution
		SolutionGuid = {73770426-5CDE-4532-BC10-E755D5101A9F}
	EndGlobalSection
EndGlobal
