
Microsoft Visual Studio Solution File, Format Version 12.00
# Visual Studio Version 17
VisualStudioVersion = 17.0.32112.339
MinimumVisualStudioVersion = 10.0.40219.1
Project("{FAE04EC0-301F-11D3-BF4B-00C04F79EFBC}") = "ConsoleApp2", "ConsoleApp2\ConsoleApp2.csproj", "{5EF8FE3D-FC63-4142-BC0B-2A5D35E4D3BA}"
EndProject
Global
	GlobalSection(SolutionConfigurationPlatforms) = preSolution
		Debug|Any CPU = Debug|Any CPU
		Release|Any CPU = Release|Any CPU
	EndGlobalSection
	GlobalSection(ProjectConfigurationPlatforms) = postSolution
		{5EF8FE3D-FC63-4142-BC0B-2A5D35E4D3BA}.Debug|Any CPU.ActiveCfg = Debug|Any CPU
		{5EF8FE3D-FC63-4142-BC0B-2A5D35E4D3BA}.Debug|Any CPU.Build.0 = Debug|Any CPU
		{5EF8FE3D-FC63-4142-BC0B-2A5D35E4D3BA}.Release|Any CPU.ActiveCfg = Release|Any CPU
		{5EF8FE3D-FC63-4142-BC0B-2A5D35E4D3BA}.Release|Any CPU.Build.0 = Release|Any CPU
	EndGlobalSection
	GlobalSection(SolutionProperties) = preSolution
		HideSolutionNode = FALSE
	EndGlobalSection
	GlobalSection(ExtensibilityGlobals) = postSolution
		SolutionGuid = {34F3C611-8CEC-4931-816F-9F64B7DA3F06}
	EndGlobalSection
EndGlobal
