
Microsoft Visual Studio Solution File, Format Version 12.00
# Visual Studio Version 17
VisualStudioVersion = 17.0.32112.339
MinimumVisualStudioVersion = 10.0.40219.1
Project("{FAE04EC0-301F-11D3-BF4B-00C04F79EFBC}") = "Day8Project1", "Day8Project1\Day8Project1.csproj", "{4F7AAD34-D641-404F-BD8F-7CAC13B4F5A4}"
EndProject
Global
	GlobalSection(SolutionConfigurationPlatforms) = preSolution
		Debug|Any CPU = Debug|Any CPU
		Release|Any CPU = Release|Any CPU
	EndGlobalSection
	GlobalSection(ProjectConfigurationPlatforms) = postSolution
		{4F7AAD34-D641-404F-BD8F-7CAC13B4F5A4}.Debug|Any CPU.ActiveCfg = Debug|Any CPU
		{4F7AAD34-D641-404F-BD8F-7CAC13B4F5A4}.Debug|Any CPU.Build.0 = Debug|Any CPU
		{4F7AAD34-D641-404F-BD8F-7CAC13B4F5A4}.Release|Any CPU.ActiveCfg = Release|Any CPU
		{4F7AAD34-D641-404F-BD8F-7CAC13B4F5A4}.Release|Any CPU.Build.0 = Release|Any CPU
	EndGlobalSection
	GlobalSection(SolutionProperties) = preSolution
		HideSolutionNode = FALSE
	EndGlobalSection
	GlobalSection(ExtensibilityGlobals) = postSolution
		SolutionGuid = {FE6EB9F0-8D8E-4198-9259-55CB6059AD08}
	EndGlobalSection
EndGlobal
