
Microsoft Visual Studio Solution File, Format Version 12.00
# Visual Studio Version 17
VisualStudioVersion = 17.0.32112.339
MinimumVisualStudioVersion = 10.0.40219.1
Project("{FAE04EC0-301F-11D3-BF4B-00C04F79EFBC}") = "Day19project4", "Day19project4\Day19project4.csproj", "{9A446A5C-6E17-4867-836E-4CE4493C77D8}"
EndProject
Global
	GlobalSection(SolutionConfigurationPlatforms) = preSolution
		Debug|Any CPU = Debug|Any CPU
		Release|Any CPU = Release|Any CPU
	EndGlobalSection
	GlobalSection(ProjectConfigurationPlatforms) = postSolution
		{9A446A5C-6E17-4867-836E-4CE4493C77D8}.Debug|Any CPU.ActiveCfg = Debug|Any CPU
		{9A446A5C-6E17-4867-836E-4CE4493C77D8}.Debug|Any CPU.Build.0 = Debug|Any CPU
		{9A446A5C-6E17-4867-836E-4CE4493C77D8}.Release|Any CPU.ActiveCfg = Release|Any CPU
		{9A446A5C-6E17-4867-836E-4CE4493C77D8}.Release|Any CPU.Build.0 = Release|Any CPU
	EndGlobalSection
	GlobalSection(SolutionProperties) = preSolution
		HideSolutionNode = FALSE
	EndGlobalSection
	GlobalSection(ExtensibilityGlobals) = postSolution
		SolutionGuid = {5F8B1423-9319-4F76-B6E8-D5DB11719486}
	EndGlobalSection
EndGlobal
