
Microsoft Visual Studio Solution File, Format Version 12.00
# Visual Studio Version 17
VisualStudioVersion = 17.0.32112.339
MinimumVisualStudioVersion = 10.0.40219.1
Project("{FAE04EC0-301F-11D3-BF4B-00C04F79EFBC}") = "Prime or not", "Prime or not\Prime or not.csproj", "{3BA660F2-8F31-444F-B8DF-67CCAD52D452}"
EndProject
Global
	GlobalSection(SolutionConfigurationPlatforms) = preSolution
		Debug|Any CPU = Debug|Any CPU
		Release|Any CPU = Release|Any CPU
	EndGlobalSection
	GlobalSection(ProjectConfigurationPlatforms) = postSolution
		{3BA660F2-8F31-444F-B8DF-67CCAD52D452}.Debug|Any CPU.ActiveCfg = Debug|Any CPU
		{3BA660F2-8F31-444F-B8DF-67CCAD52D452}.Debug|Any CPU.Build.0 = Debug|Any CPU
		{3BA660F2-8F31-444F-B8DF-67CCAD52D452}.Release|Any CPU.ActiveCfg = Release|Any CPU
		{3BA660F2-8F31-444F-B8DF-67CCAD52D452}.Release|Any CPU.Build.0 = Release|Any CPU
	EndGlobalSection
	GlobalSection(SolutionProperties) = preSolution
		HideSolutionNode = FALSE
	EndGlobalSection
	GlobalSection(ExtensibilityGlobals) = postSolution
		SolutionGuid = {363EF083-476B-4D7F-B5AE-EF658134D1D6}
	EndGlobalSection
EndGlobal
