
Microsoft Visual Studio Solution File, Format Version 12.00
# Visual Studio Version 17
VisualStudioVersion = 17.0.32112.339
MinimumVisualStudioVersion = 10.0.40219.1
Project("{FAE04EC0-301F-11D3-BF4B-00C04F79EFBC}") = "Day14Project1", "Day14Project1\Day14Project1.csproj", "{90C1583F-E9CC-407D-B0EF-BA9B5933D2A1}"
EndProject
Global
	GlobalSection(SolutionConfigurationPlatforms) = preSolution
		Debug|Any CPU = Debug|Any CPU
		Release|Any CPU = Release|Any CPU
	EndGlobalSection
	GlobalSection(ProjectConfigurationPlatforms) = postSolution
		{90C1583F-E9CC-407D-B0EF-BA9B5933D2A1}.Debug|Any CPU.ActiveCfg = Debug|Any CPU
		{90C1583F-E9CC-407D-B0EF-BA9B5933D2A1}.Debug|Any CPU.Build.0 = Debug|Any CPU
		{90C1583F-E9CC-407D-B0EF-BA9B5933D2A1}.Release|Any CPU.ActiveCfg = Release|Any CPU
		{90C1583F-E9CC-407D-B0EF-BA9B5933D2A1}.Release|Any CPU.Build.0 = Release|Any CPU
	EndGlobalSection
	GlobalSection(SolutionProperties) = preSolution
		HideSolutionNode = FALSE
	EndGlobalSection
	GlobalSection(ExtensibilityGlobals) = postSolution
		SolutionGuid = {1003C8E7-C0E3-4662-B304-C98C7FF0B33B}
	EndGlobalSection
EndGlobal
