
Microsoft Visual Studio Solution File, Format Version 12.00
# Visual Studio Version 17
VisualStudioVersion = 17.0.32112.339
MinimumVisualStudioVersion = 10.0.40219.1
Project("{FAE04EC0-301F-11D3-BF4B-00C04F79EFBC}") = "VaishnaviLibrary", "VaishnaviLibrary\VaishnaviLibrary.csproj", "{5F7445CA-780B-44FC-8BD5-2C579F08AF54}"
EndProject
Global
	GlobalSection(SolutionConfigurationPlatforms) = preSolution
		Debug|Any CPU = Debug|Any CPU
		Release|Any CPU = Release|Any CPU
	EndGlobalSection
	GlobalSection(ProjectConfigurationPlatforms) = postSolution
		{5F7445CA-780B-44FC-8BD5-2C579F08AF54}.Debug|Any CPU.ActiveCfg = Debug|Any CPU
		{5F7445CA-780B-44FC-8BD5-2C579F08AF54}.Debug|Any CPU.Build.0 = Debug|Any CPU
		{5F7445CA-780B-44FC-8BD5-2C579F08AF54}.Release|Any CPU.ActiveCfg = Release|Any CPU
		{5F7445CA-780B-44FC-8BD5-2C579F08AF54}.Release|Any CPU.Build.0 = Release|Any CPU
	EndGlobalSection
	GlobalSection(SolutionProperties) = preSolution
		HideSolutionNode = FALSE
	EndGlobalSection
	GlobalSection(ExtensibilityGlobals) = postSolution
		SolutionGuid = {74EA2737-D437-499A-B4D1-A18A1FB9F9CA}
	EndGlobalSection
EndGlobal
