
Microsoft Visual Studio Solution File, Format Version 12.00
# Visual Studio Version 17
VisualStudioVersion = 17.0.32112.339
MinimumVisualStudioVersion = 10.0.40219.1
Project("{FAE04EC0-301F-11D3-BF4B-00C04F79EFBC}") = "Fibonacci series", "Fibonacci series\Fibonacci series.csproj", "{8EE333FC-99AD-46BC-85A9-A055D0B9DDEE}"
EndProject
Global
	GlobalSection(SolutionConfigurationPlatforms) = preSolution
		Debug|Any CPU = Debug|Any CPU
		Release|Any CPU = Release|Any CPU
	EndGlobalSection
	GlobalSection(ProjectConfigurationPlatforms) = postSolution
		{8EE333FC-99AD-46BC-85A9-A055D0B9DDEE}.Debug|Any CPU.ActiveCfg = Debug|Any CPU
		{8EE333FC-99AD-46BC-85A9-A055D0B9DDEE}.Debug|Any CPU.Build.0 = Debug|Any CPU
		{8EE333FC-99AD-46BC-85A9-A055D0B9DDEE}.Release|Any CPU.ActiveCfg = Release|Any CPU
		{8EE333FC-99AD-46BC-85A9-A055D0B9DDEE}.Release|Any CPU.Build.0 = Release|Any CPU
	EndGlobalSection
	GlobalSection(SolutionProperties) = preSolution
		HideSolutionNode = FALSE
	EndGlobalSection
	GlobalSection(ExtensibilityGlobals) = postSolution
		SolutionGuid = {78450692-1397-47B7-9AAA-6112352D22B6}
	EndGlobalSection
EndGlobal
