
Microsoft Visual Studio Solution File, Format Version 12.00
# Visual Studio Version 17
VisualStudioVersion = 17.0.32112.339
MinimumVisualStudioVersion = 10.0.40219.1
Project("{FAE04EC0-301F-11D3-BF4B-00C04F79EFBC}") = "Swapping of two  numbers", "Swapping of two  numbers\Swapping of two  numbers.csproj", "{88497605-1A97-43B2-898A-3E1C4DEE6E5D}"
EndProject
Global
	GlobalSection(SolutionConfigurationPlatforms) = preSolution
		Debug|Any CPU = Debug|Any CPU
		Release|Any CPU = Release|Any CPU
	EndGlobalSection
	GlobalSection(ProjectConfigurationPlatforms) = postSolution
		{88497605-1A97-43B2-898A-3E1C4DEE6E5D}.Debug|Any CPU.ActiveCfg = Debug|Any CPU
		{88497605-1A97-43B2-898A-3E1C4DEE6E5D}.Debug|Any CPU.Build.0 = Debug|Any CPU
		{88497605-1A97-43B2-898A-3E1C4DEE6E5D}.Release|Any CPU.ActiveCfg = Release|Any CPU
		{88497605-1A97-43B2-898A-3E1C4DEE6E5D}.Release|Any CPU.Build.0 = Release|Any CPU
	EndGlobalSection
	GlobalSection(SolutionProperties) = preSolution
		HideSolutionNode = FALSE
	EndGlobalSection
	GlobalSection(ExtensibilityGlobals) = postSolution
		SolutionGuid = {020F9775-2835-4E47-8D38-1E27AC87A27B}
	EndGlobalSection
EndGlobal
