
Microsoft Visual Studio Solution File, Format Version 12.00
# Visual Studio Version 17
VisualStudioVersion = 17.0.32112.339
MinimumVisualStudioVersion = 10.0.40219.1
Project("{FAE04EC0-301F-11D3-BF4B-00C04F79EFBC}") = "Day16Project1", "Day16Project1\Day16Project1.csproj", "{5885A7D5-DF24-4FB3-863A-3AED38AD578B}"
EndProject
Global
	GlobalSection(SolutionConfigurationPlatforms) = preSolution
		Debug|Any CPU = Debug|Any CPU
		Release|Any CPU = Release|Any CPU
	EndGlobalSection
	GlobalSection(ProjectConfigurationPlatforms) = postSolution
		{5885A7D5-DF24-4FB3-863A-3AED38AD578B}.Debug|Any CPU.ActiveCfg = Debug|Any CPU
		{5885A7D5-DF24-4FB3-863A-3AED38AD578B}.Debug|Any CPU.Build.0 = Debug|Any CPU
		{5885A7D5-DF24-4FB3-863A-3AED38AD578B}.Release|Any CPU.ActiveCfg = Release|Any CPU
		{5885A7D5-DF24-4FB3-863A-3AED38AD578B}.Release|Any CPU.Build.0 = Release|Any CPU
	EndGlobalSection
	GlobalSection(SolutionProperties) = preSolution
		HideSolutionNode = FALSE
	EndGlobalSection
	GlobalSection(ExtensibilityGlobals) = postSolution
		SolutionGuid = {F4772A50-5411-4C66-AE2B-B536ADBE7D89}
	EndGlobalSection
EndGlobal
