
Microsoft Visual Studio Solution File, Format Version 12.00
# Visual Studio Version 17
VisualStudioVersion = 17.0.32112.339
MinimumVisualStudioVersion = 10.0.40219.1
Project("{FAE04EC0-301F-11D3-BF4B-00C04F79EFBC}") = "Day18Project1", "Day18Project1\Day18Project1.csproj", "{780FAB8B-0691-47D2-B260-010DF789F63D}"
EndProject
Global
	GlobalSection(SolutionConfigurationPlatforms) = preSolution
		Debug|Any CPU = Debug|Any CPU
		Release|Any CPU = Release|Any CPU
	EndGlobalSection
	GlobalSection(ProjectConfigurationPlatforms) = postSolution
		{780FAB8B-0691-47D2-B260-010DF789F63D}.Debug|Any CPU.ActiveCfg = Debug|Any CPU
		{780FAB8B-0691-47D2-B260-010DF789F63D}.Debug|Any CPU.Build.0 = Debug|Any CPU
		{780FAB8B-0691-47D2-B260-010DF789F63D}.Release|Any CPU.ActiveCfg = Release|Any CPU
		{780FAB8B-0691-47D2-B260-010DF789F63D}.Release|Any CPU.Build.0 = Release|Any CPU
	EndGlobalSection
	GlobalSection(SolutionProperties) = preSolution
		HideSolutionNode = FALSE
	EndGlobalSection
	GlobalSection(ExtensibilityGlobals) = postSolution
		SolutionGuid = {12136E10-3950-4999-98FB-D3BC84C9B195}
	EndGlobalSection
EndGlobal
