
Microsoft Visual Studio Solution File, Format Version 12.00
# Visual Studio Version 17
VisualStudioVersion = 17.0.32112.339
MinimumVisualStudioVersion = 10.0.40219.1
Project("{FAE04EC0-301F-11D3-BF4B-00C04F79EFBC}") = "Day7Project3", "Day7Project3\Day7Project3.csproj", "{2B049C9F-0460-4E39-9796-D894A0620D7A}"
EndProject
Global
	GlobalSection(SolutionConfigurationPlatforms) = preSolution
		Debug|Any CPU = Debug|Any CPU
		Release|Any CPU = Release|Any CPU
	EndGlobalSection
	GlobalSection(ProjectConfigurationPlatforms) = postSolution
		{2B049C9F-0460-4E39-9796-D894A0620D7A}.Debug|Any CPU.ActiveCfg = Debug|Any CPU
		{2B049C9F-0460-4E39-9796-D894A0620D7A}.Debug|Any CPU.Build.0 = Debug|Any CPU
		{2B049C9F-0460-4E39-9796-D894A0620D7A}.Release|Any CPU.ActiveCfg = Release|Any CPU
		{2B049C9F-0460-4E39-9796-D894A0620D7A}.Release|Any CPU.Build.0 = Release|Any CPU
	EndGlobalSection
	GlobalSection(SolutionProperties) = preSolution
		HideSolutionNode = FALSE
	EndGlobalSection
	GlobalSection(ExtensibilityGlobals) = postSolution
		SolutionGuid = {A2F602D2-FA80-470C-91A3-27D10588F01D}
	EndGlobalSection
EndGlobal
